Microsoft Visual Studio Solution File, Format Version 11.00
# Visual Studio 2008

Project("{6AB97DD8-5735-F9FB-7597-25D872E0C6B0}") = "Katamari test", "Assembly-CSharp.csproj", "{4D63604F-CA5F-F555-4995-3DC596A22680}"
EndProject
Project("{6AB97DD8-5735-F9FB-7597-25D872E0C6B0}") = "Katamari test", "Assembly-CSharp-Editor.csproj", "{92245D49-EC62-F552-E141-87D8332B9646}"
EndProject
Global
	GlobalSection(SolutionConfigurationPlatforms) = preSolution
		Debug|Any CPU = Debug|Any CPU
		Release|Any CPU = Release|Any CPU
	EndGlobalSection
	GlobalSection(ProjectConfigurationPlatforms) = postSolution
		{4D63604F-CA5F-F555-4995-3DC596A22680}.Debug|Any CPU.ActiveCfg = Debug|Any CPU
		{4D63604F-CA5F-F555-4995-3DC596A22680}.Debug|Any CPU.Build.0 = Debug|Any CPU
		{4D63604F-CA5F-F555-4995-3DC596A22680}.Release|Any CPU.ActiveCfg = Release|Any CPU
		{4D63604F-CA5F-F555-4995-3DC596A22680}.Release|Any CPU.Build.0 = Release|Any CPU
		{92245D49-EC62-F552-E141-87D8332B9646}.Debug|Any CPU.ActiveCfg = Debug|Any CPU
		{92245D49-EC62-F552-E141-87D8332B9646}.Debug|Any CPU.Build.0 = Debug|Any CPU
		{92245D49-EC62-F552-E141-87D8332B9646}.Release|Any CPU.ActiveCfg = Release|Any CPU
		{92245D49-EC62-F552-E141-87D8332B9646}.Release|Any CPU.Build.0 = Release|Any CPU
	EndGlobalSection
	GlobalSection(SolutionProperties) = preSolution
		HideSolutionNode = FALSE
	EndGlobalSection
	
EndGlobal
